
Microsoft Visual Studio Solution File, Format Version 12.00
# Visual Studio 15
VisualStudioVersion = 15.0.27004.2005
MinimumVisualStudioVersion = 10.0.40219.1
Project("{FAE04EC0-301F-11D3-BF4B-00C04F79EFBC}") = "Practica9A.Android", "Practica9A\Practica9A.Android\Practica9A.Android.csproj", "{5D20BB56-49A7-4120-964A-08C8EB19B672}"
EndProject
Project("{FAE04EC0-301F-11D3-BF4B-00C04F79EFBC}") = "Practica9A", "Practica9A\Practica9A\Practica9A.csproj", "{DC24AFDE-1D33-4838-A993-67D3FDE2F329}"
EndProject
Project("{FAE04EC0-301F-11D3-BF4B-00C04F79EFBC}") = "Practica9A.UWP", "Practica9A\Practica9A.UWP\Practica9A.UWP.csproj", "{02F1F0C8-97EC-4282-9D96-8CFA02596A8A}"
EndProject
Project("{FAE04EC0-301F-11D3-BF4B-00C04F79EFBC}") = "Practica9A.iOS", "Practica9A\Practica9A.iOS\Practica9A.iOS.csproj", "{A5C5E641-1D9C-4D09-B11D-98456FC95B61}"
EndProject
Global
	GlobalSection(SolutionConfigurationPlatforms) = preSolution
		Ad-Hoc|Any CPU = Ad-Hoc|Any CPU
		Ad-Hoc|ARM = Ad-Hoc|ARM
		Ad-Hoc|iPhone = Ad-Hoc|iPhone
		Ad-Hoc|iPhoneSimulator = Ad-Hoc|iPhoneSimulator
		Ad-Hoc|x64 = Ad-Hoc|x64
		Ad-Hoc|x86 = Ad-Hoc|x86
		AppStore|Any CPU = AppStore|Any CPU
		AppStore|ARM = AppStore|ARM
		AppStore|iPhone = AppStore|iPhone
		AppStore|iPhoneSimulator = AppStore|iPhoneSimulator
		AppStore|x64 = AppStore|x64
		AppStore|x86 = AppStore|x86
		Debug|Any CPU = Debug|Any CPU
		Debug|ARM = Debug|ARM
		Debug|iPhone = Debug|iPhone
		Debug|iPhoneSimulator = Debug|iPhoneSimulator
		Debug|x64 = Debug|x64
		Debug|x86 = Debug|x86
		Release|Any CPU = Release|Any CPU
		Release|ARM = Release|ARM
		Release|iPhone = Release|iPhone
		Release|iPhoneSimulator = Release|iPhoneSimulator
		Release|x64 = Release|x64
		Release|x86 = Release|x86
	EndGlobalSection
	GlobalSection(ProjectConfigurationPlatforms) = postSolution
		{5D20BB56-49A7-4120-964A-08C8EB19B672}.Ad-Hoc|Any CPU.ActiveCfg = Release|Any CPU
		{5D20BB56-49A7-4120-964A-08C8EB19B672}.Ad-Hoc|Any CPU.Build.0 = Release|Any CPU
		{5D20BB56-49A7-4120-964A-08C8EB19B672}.Ad-Hoc|Any CPU.Deploy.0 = Release|Any CPU
		{5D20BB56-49A7-4120-964A-08C8EB19B672}.Ad-Hoc|ARM.ActiveCfg = Release|Any CPU
		{5D20BB56-49A7-4120-964A-08C8EB19B672}.Ad-Hoc|ARM.Build.0 = Release|Any CPU
		{5D20BB56-49A7-4120-964A-08C8EB19B672}.Ad-Hoc|ARM.Deploy.0 = Release|Any CPU
		{5D20BB56-49A7-4120-964A-08C8EB19B672}.Ad-Hoc|iPhone.ActiveCfg = Release|Any CPU
		{5D20BB56-49A7-4120-964A-08C8EB19B672}.Ad-Hoc|iPhone.Build.0 = Release|Any CPU
		{5D20BB56-49A7-4120-964A-08C8EB19B672}.Ad-Hoc|iPhone.Deploy.0 = Release|Any CPU
		{5D20BB56-49A7-4120-964A-08C8EB19B672}.Ad-Hoc|iPhoneSimulator.ActiveCfg = Release|Any CPU
		{5D20BB56-49A7-4120-964A-08C8EB19B672}.Ad-Hoc|iPhoneSimulator.Build.0 = Release|Any CPU
		{5D20BB56-49A7-4120-964A-08C8EB19B672}.Ad-Hoc|iPhoneSimulator.Deploy.0 = Release|Any CPU
		{5D20BB56-49A7-4120-964A-08C8EB19B672}.Ad-Hoc|x64.ActiveCfg = Release|Any CPU
		{5D20BB56-49A7-4120-964A-08C8EB19B672}.Ad-Hoc|x64.Build.0 = Release|Any CPU
		{5D20BB56-49A7-4120-964A-08C8EB19B672}.Ad-Hoc|x64.Deploy.0 = Release|Any CPU
		{5D20BB56-49A7-4120-964A-08C8EB19B672}.Ad-Hoc|x86.ActiveCfg = Release|Any CPU
		{5D20BB56-49A7-4120-964A-08C8EB19B672}.Ad-Hoc|x86.Build.0 = Release|Any CPU
		{5D20BB56-49A7-4120-964A-08C8EB19B672}.Ad-Hoc|x86.Deploy.0 = Release|Any CPU
		{5D20BB56-49A7-4120-964A-08C8EB19B672}.AppStore|Any CPU.ActiveCfg = Release|Any CPU
		{5D20BB56-49A7-4120-964A-08C8EB19B672}.AppStore|Any CPU.Build.0 = Release|Any CPU
		{5D20BB56-49A7-4120-964A-08C8EB19B672}.AppStore|Any CPU.Deploy.0 = Release|Any CPU
		{5D20BB56-49A7-4120-964A-08C8EB19B672}.AppStore|ARM.ActiveCfg = Release|Any CPU
		{5D20BB56-49A7-4120-964A-08C8EB19B672}.AppStore|ARM.Build.0 = Release|Any CPU
		{5D20BB56-49A7-4120-964A-08C8EB19B672}.AppStore|ARM.Deploy.0 = Release|Any CPU
		{5D20BB56-49A7-4120-964A-08C8EB19B672}.AppStore|iPhone.ActiveCfg = Release|Any CPU
		{5D20BB56-49A7-4120-964A-08C8EB19B672}.AppStore|iPhone.Build.0 = Release|Any CPU
		{5D20BB56-49A7-4120-964A-08C8EB19B672}.AppStore|iPhone.Deploy.0 = Release|Any CPU
		{5D20BB56-49A7-4120-964A-08C8EB19B672}.AppStore|iPhoneSimulator.ActiveCfg = Release|Any CPU
		{5D20BB56-49A7-4120-964A-08C8EB19B672}.AppStore|iPhoneSimulator.Build.0 = Release|Any CPU
		{5D20BB56-49A7-4120-964A-08C8EB19B672}.AppStore|iPhoneSimulator.Deploy.0 = Release|Any CPU
		{5D20BB56-49A7-4120-964A-08C8EB19B672}.AppStore|x64.ActiveCfg = Release|Any CPU
		{5D20BB56-49A7-4120-964A-08C8EB19B672}.AppStore|x64.Build.0 = Release|Any CPU
		{5D20BB56-49A7-4120-964A-08C8EB19B672}.AppStore|x64.Deploy.0 = Release|Any CPU
		{5D20BB56-49A7-4120-964A-08C8EB19B672}.AppStore|x86.ActiveCfg = Release|Any CPU
		{5D20BB56-49A7-4120-964A-08C8EB19B672}.AppStore|x86.Build.0 = Release|Any CPU
		{5D20BB56-49A7-4120-964A-08C8EB19B672}.AppStore|x86.Deploy.0 = Release|Any CPU
		{5D20BB56-49A7-4120-964A-08C8EB19B672}.Debug|Any CPU.ActiveCfg = Debug|Any CPU
		{5D20BB56-49A7-4120-964A-08C8EB19B672}.Debug|Any CPU.Build.0 = Debug|Any CPU
		{5D20BB56-49A7-4120-964A-08C8EB19B672}.Debug|Any CPU.Deploy.0 = Debug|Any CPU
		{5D20BB56-49A7-4120-964A-08C8EB19B672}.Debug|ARM.ActiveCfg = Debug|Any CPU
		{5D20BB56-49A7-4120-964A-08C8EB19B672}.Debug|ARM.Build.0 = Debug|Any CPU
		{5D20BB56-49A7-4120-964A-08C8EB19B672}.Debug|ARM.Deploy.0 = Debug|Any CPU
		{5D20BB56-49A7-4120-964A-08C8EB19B672}.Debug|iPhone.ActiveCfg = Debug|Any CPU
		{5D20BB56-49A7-4120-964A-08C8EB19B672}.Debug|iPhone.Build.0 = Debug|Any CPU
		{5D20BB56-49A7-4120-964A-08C8EB19B672}.Debug|iPhone.Deploy.0 = Debug|Any CPU
		{5D20BB56-49A7-4120-964A-08C8EB19B672}.Debug|iPhoneSimulator.ActiveCfg = Debug|Any CPU
		{5D20BB56-49A7-4120-964A-08C8EB19B672}.Debug|iPhoneSimulator.Build.0 = Debug|Any CPU
		{5D20BB56-49A7-4120-964A-08C8EB19B672}.Debug|iPhoneSimulator.Deploy.0 = Debug|Any CPU
		{5D20BB56-49A7-4120-964A-08C8EB19B672}.Debug|x64.ActiveCfg = Debug|Any CPU
		{5D20BB56-49A7-4120-964A-08C8EB19B672}.Debug|x64.Build.0 = Debug|Any CPU
		{5D20BB56-49A7-4120-964A-08C8EB19B672}.Debug|x64.Deploy.0 = Debug|Any CPU
		{5D20BB56-49A7-4120-964A-08C8EB19B672}.Debug|x86.ActiveCfg = Debug|Any CPU
		{5D20BB56-49A7-4120-964A-08C8EB19B672}.Debug|x86.Build.0 = Debug|Any CPU
		{5D20BB56-49A7-4120-964A-08C8EB19B672}.Debug|x86.Deploy.0 = Debug|Any CPU
		{5D20BB56-49A7-4120-964A-08C8EB19B672}.Release|Any CPU.ActiveCfg = Release|Any CPU
		{5D20BB56-49A7-4120-964A-08C8EB19B672}.Release|Any CPU.Build.0 = Release|Any CPU
		{5D20BB56-49A7-4120-964A-08C8EB19B672}.Release|Any CPU.Deploy.0 = Release|Any CPU
		{5D20BB56-49A7-4120-964A-08C8EB19B672}.Release|ARM.ActiveCfg = Release|Any CPU
		{5D20BB56-49A7-4120-964A-08C8EB19B672}.Release|ARM.Build.0 = Release|Any CPU
		{5D20BB56-49A7-4120-964A-08C8EB19B672}.Release|ARM.Deploy.0 = Release|Any CPU
		{5D20BB56-49A7-4120-964A-08C8EB19B672}.Release|iPhone.ActiveCfg = Release|Any CPU
		{5D20BB56-49A7-4120-964A-08C8EB19B672}.Release|iPhone.Build.0 = Release|Any CPU
		{5D20BB56-49A7-4120-964A-08C8EB19B672}.Release|iPhone.Deploy.0 = Release|Any CPU
		{5D20BB56-49A7-4120-964A-08C8EB19B672}.Release|iPhoneSimulator.ActiveCfg = Release|Any CPU
		{5D20BB56-49A7-4120-964A-08C8EB19B672}.Release|iPhoneSimulator.Build.0 = Release|Any CPU
		{5D20BB56-49A7-4120-964A-08C8EB19B672}.Release|iPhoneSimulator.Deploy.0 = Release|Any CPU
		{5D20BB56-49A7-4120-964A-08C8EB19B672}.Release|x64.ActiveCfg = Release|Any CPU
		{5D20BB56-49A7-4120-964A-08C8EB19B672}.Release|x64.Build.0 = Release|Any CPU
		{5D20BB56-49A7-4120-964A-08C8EB19B672}.Release|x64.Deploy.0 = Release|Any CPU
		{5D20BB56-49A7-4120-964A-08C8EB19B672}.Release|x86.ActiveCfg = Release|Any CPU
		{5D20BB56-49A7-4120-964A-08C8EB19B672}.Release|x86.Build.0 = Release|Any CPU
		{5D20BB56-49A7-4120-964A-08C8EB19B672}.Release|x86.Deploy.0 = Release|Any CPU
		{DC24AFDE-1D33-4838-A993-67D3FDE2F329}.Ad-Hoc|Any CPU.ActiveCfg = Release|Any CPU
		{DC24AFDE-1D33-4838-A993-67D3FDE2F329}.Ad-Hoc|Any CPU.Build.0 = Release|Any CPU
		{DC24AFDE-1D33-4838-A993-67D3FDE2F329}.Ad-Hoc|ARM.ActiveCfg = Release|Any CPU
		{DC24AFDE-1D33-4838-A993-67D3FDE2F329}.Ad-Hoc|ARM.Build.0 = Release|Any CPU
		{DC24AFDE-1D33-4838-A993-67D3FDE2F329}.Ad-Hoc|iPhone.ActiveCfg = Release|Any CPU
		{DC24AFDE-1D33-4838-A993-67D3FDE2F329}.Ad-Hoc|iPhone.Build.0 = Release|Any CPU
		{DC24AFDE-1D33-4838-A993-67D3FDE2F329}.Ad-Hoc|iPhoneSimulator.ActiveCfg = Release|Any CPU
		{DC24AFDE-1D33-4838-A993-67D3FDE2F329}.Ad-Hoc|iPhoneSimulator.Build.0 = Release|Any CPU
		{DC24AFDE-1D33-4838-A993-67D3FDE2F329}.Ad-Hoc|x64.ActiveCfg = Release|Any CPU
		{DC24AFDE-1D33-4838-A993-67D3FDE2F329}.Ad-Hoc|x64.Build.0 = Release|Any CPU
		{DC24AFDE-1D33-4838-A993-67D3FDE2F329}.Ad-Hoc|x86.ActiveCfg = Release|Any CPU
		{DC24AFDE-1D33-4838-A993-67D3FDE2F329}.Ad-Hoc|x86.Build.0 = Release|Any CPU
		{DC24AFDE-1D33-4838-A993-67D3FDE2F329}.AppStore|Any CPU.ActiveCfg = Release|Any CPU
		{DC24AFDE-1D33-4838-A993-67D3FDE2F329}.AppStore|Any CPU.Build.0 = Release|Any CPU
		{DC24AFDE-1D33-4838-A993-67D3FDE2F329}.AppStore|ARM.ActiveCfg = Release|Any CPU
		{DC24AFDE-1D33-4838-A993-67D3FDE2F329}.AppStore|ARM.Build.0 = Release|Any CPU
		{DC24AFDE-1D33-4838-A993-67D3FDE2F329}.AppStore|iPhone.ActiveCfg = Release|Any CPU
		{DC24AFDE-1D33-4838-A993-67D3FDE2F329}.AppStore|iPhone.Build.0 = Release|Any CPU
		{DC24AFDE-1D33-4838-A993-67D3FDE2F329}.AppStore|iPhoneSimulator.ActiveCfg = Release|Any CPU
		{DC24AFDE-1D33-4838-A993-67D3FDE2F329}.AppStore|iPhoneSimulator.Build.0 = Release|Any CPU
		{DC24AFDE-1D33-4838-A993-67D3FDE2F329}.AppStore|x64.ActiveCfg = Release|Any CPU
		{DC24AFDE-1D33-4838-A993-67D3FDE2F329}.AppStore|x64.Build.0 = Release|Any CPU
		{DC24AFDE-1D33-4838-A993-67D3FDE2F329}.AppStore|x86.ActiveCfg = Release|Any CPU
		{DC24AFDE-1D33-4838-A993-67D3FDE2F329}.AppStore|x86.Build.0 = Release|Any CPU
		{DC24AFDE-1D33-4838-A993-67D3FDE2F329}.Debug|Any CPU.ActiveCfg = Debug|Any CPU
		{DC24AFDE-1D33-4838-A993-67D3FDE2F329}.Debug|Any CPU.Build.0 = Debug|Any CPU
		{DC24AFDE-1D33-4838-A993-67D3FDE2F329}.Debug|ARM.ActiveCfg = Debug|Any CPU
		{DC24AFDE-1D33-4838-A993-67D3FDE2F329}.Debug|ARM.Build.0 = Debug|Any CPU
		{DC24AFDE-1D33-4838-A993-67D3FDE2F329}.Debug|iPhone.ActiveCfg = Debug|Any CPU
		{DC24AFDE-1D33-4838-A993-67D3FDE2F329}.Debug|iPhone.Build.0 = Debug|Any CPU
		{DC24AFDE-1D33-4838-A993-67D3FDE2F329}.Debug|iPhoneSimulator.ActiveCfg = Debug|Any CPU
		{DC24AFDE-1D33-4838-A993-67D3FDE2F329}.Debug|iPhoneSimulator.Build.0 = Debug|Any CPU
		{DC24AFDE-1D33-4838-A993-67D3FDE2F329}.Debug|x64.ActiveCfg = Debug|Any CPU
		{DC24AFDE-1D33-4838-A993-67D3FDE2F329}.Debug|x64.Build.0 = Debug|Any CPU
		{DC24AFDE-1D33-4838-A993-67D3FDE2F329}.Debug|x86.ActiveCfg = Debug|Any CPU
		{DC24AFDE-1D33-4838-A993-67D3FDE2F329}.Debug|x86.Build.0 = Debug|Any CPU
		{DC24AFDE-1D33-4838-A993-67D3FDE2F329}.Release|Any CPU.ActiveCfg = Release|Any CPU
		{DC24AFDE-1D33-4838-A993-67D3FDE2F329}.Release|Any CPU.Build.0 = Release|Any CPU
		{DC24AFDE-1D33-4838-A993-67D3FDE2F329}.Release|ARM.ActiveCfg = Release|Any CPU
		{DC24AFDE-1D33-4838-A993-67D3FDE2F329}.Release|ARM.Build.0 = Release|Any CPU
		{DC24AFDE-1D33-4838-A993-67D3FDE2F329}.Release|iPhone.ActiveCfg = Release|Any CPU
		{DC24AFDE-1D33-4838-A993-67D3FDE2F329}.Release|iPhone.Build.0 = Release|Any CPU
		{DC24AFDE-1D33-4838-A993-67D3FDE2F329}.Release|iPhoneSimulator.ActiveCfg = Release|Any CPU
		{DC24AFDE-1D33-4838-A993-67D3FDE2F329}.Release|iPhoneSimulator.Build.0 = Release|Any CPU
		{DC24AFDE-1D33-4838-A993-67D3FDE2F329}.Release|x64.ActiveCfg = Release|Any CPU
		{DC24AFDE-1D33-4838-A993-67D3FDE2F329}.Release|x64.Build.0 = Release|Any CPU
		{DC24AFDE-1D33-4838-A993-67D3FDE2F329}.Release|x86.ActiveCfg = Release|Any CPU
		{DC24AFDE-1D33-4838-A993-67D3FDE2F329}.Release|x86.Build.0 = Release|Any CPU
		{02F1F0C8-97EC-4282-9D96-8CFA02596A8A}.Ad-Hoc|Any CPU.ActiveCfg = Release|x86
		{02F1F0C8-97EC-4282-9D96-8CFA02596A8A}.Ad-Hoc|Any CPU.Build.0 = Release|x86
		{02F1F0C8-97EC-4282-9D96-8CFA02596A8A}.Ad-Hoc|Any CPU.Deploy.0 = Release|x86
		{02F1F0C8-97EC-4282-9D96-8CFA02596A8A}.Ad-Hoc|ARM.ActiveCfg = Release|ARM
		{02F1F0C8-97EC-4282-9D96-8CFA02596A8A}.Ad-Hoc|ARM.Build.0 = Release|ARM
		{02F1F0C8-97EC-4282-9D96-8CFA02596A8A}.Ad-Hoc|ARM.Deploy.0 = Release|ARM
		{02F1F0C8-97EC-4282-9D96-8CFA02596A8A}.Ad-Hoc|iPhone.ActiveCfg = Release|x86
		{02F1F0C8-97EC-4282-9D96-8CFA02596A8A}.Ad-Hoc|iPhone.Build.0 = Release|x86
		{02F1F0C8-97EC-4282-9D96-8CFA02596A8A}.Ad-Hoc|iPhone.Deploy.0 = Release|x86
		{02F1F0C8-97EC-4282-9D96-8CFA02596A8A}.Ad-Hoc|iPhoneSimulator.ActiveCfg = Release|x86
		{02F1F0C8-97EC-4282-9D96-8CFA02596A8A}.Ad-Hoc|iPhoneSimulator.Build.0 = Release|x86
		{02F1F0C8-97EC-4282-9D96-8CFA02596A8A}.Ad-Hoc|iPhoneSimulator.Deploy.0 = Release|x86
		{02F1F0C8-97EC-4282-9D96-8CFA02596A8A}.Ad-Hoc|x64.ActiveCfg = Release|x64
		{02F1F0C8-97EC-4282-9D96-8CFA02596A8A}.Ad-Hoc|x64.Build.0 = Release|x64
		{02F1F0C8-97EC-4282-9D96-8CFA02596A8A}.Ad-Hoc|x64.Deploy.0 = Release|x64
		{02F1F0C8-97EC-4282-9D96-8CFA02596A8A}.Ad-Hoc|x86.ActiveCfg = Release|x86
		{02F1F0C8-97EC-4282-9D96-8CFA02596A8A}.Ad-Hoc|x86.Build.0 = Release|x86
		{02F1F0C8-97EC-4282-9D96-8CFA02596A8A}.Ad-Hoc|x86.Deploy.0 = Release|x86
		{02F1F0C8-97EC-4282-9D96-8CFA02596A8A}.AppStore|Any CPU.ActiveCfg = Release|x86
		{02F1F0C8-97EC-4282-9D96-8CFA02596A8A}.AppStore|Any CPU.Build.0 = Release|x86
		{02F1F0C8-97EC-4282-9D96-8CFA02596A8A}.AppStore|Any CPU.Deploy.0 = Release|x86
		{02F1F0C8-97EC-4282-9D96-8CFA02596A8A}.AppStore|ARM.ActiveCfg = Release|ARM
		{02F1F0C8-97EC-4282-9D96-8CFA02596A8A}.AppStore|ARM.Build.0 = Release|ARM
		{02F1F0C8-97EC-4282-9D96-8CFA02596A8A}.AppStore|ARM.Deploy.0 = Release|ARM
		{02F1F0C8-97EC-4282-9D96-8CFA02596A8A}.AppStore|iPhone.ActiveCfg = Release|x86
		{02F1F0C8-97EC-4282-9D96-8CFA02596A8A}.AppStore|iPhone.Build.0 = Release|x86
		{02F1F0C8-97EC-4282-9D96-8CFA02596A8A}.AppStore|iPhone.Deploy.0 = Release|x86
		{02F1F0C8-97EC-4282-9D96-8CFA02596A8A}.AppStore|iPhoneSimulator.ActiveCfg = Release|x86
		{02F1F0C8-97EC-4282-9D96-8CFA02596A8A}.AppStore|iPhoneSimulator.Build.0 = Release|x86
		{02F1F0C8-97EC-4282-9D96-8CFA02596A8A}.AppStore|iPhoneSimulator.Deploy.0 = Release|x86
		{02F1F0C8-97EC-4282-9D96-8CFA02596A8A}.AppStore|x64.ActiveCfg = Release|x64
		{02F1F0C8-97EC-4282-9D96-8CFA02596A8A}.AppStore|x64.Build.0 = Release|x64
		{02F1F0C8-97EC-4282-9D96-8CFA02596A8A}.AppStore|x64.Deploy.0 = Release|x64
		{02F1F0C8-97EC-4282-9D96-8CFA02596A8A}.AppStore|x86.ActiveCfg = Release|x86
		{02F1F0C8-97EC-4282-9D96-8CFA02596A8A}.AppStore|x86.Build.0 = Release|x86
		{02F1F0C8-97EC-4282-9D96-8CFA02596A8A}.AppStore|x86.Deploy.0 = Release|x86
		{02F1F0C8-97EC-4282-9D96-8CFA02596A8A}.Debug|Any CPU.ActiveCfg = Debug|x86
		{02F1F0C8-97EC-4282-9D96-8CFA02596A8A}.Debug|ARM.ActiveCfg = Debug|ARM
		{02F1F0C8-97EC-4282-9D96-8CFA02596A8A}.Debug|ARM.Build.0 = Debug|ARM
		{02F1F0C8-97EC-4282-9D96-8CFA02596A8A}.Debug|ARM.Deploy.0 = Debug|ARM
		{02F1F0C8-97EC-4282-9D96-8CFA02596A8A}.Debug|iPhone.ActiveCfg = Debug|x86
		{02F1F0C8-97EC-4282-9D96-8CFA02596A8A}.Debug|iPhoneSimulator.ActiveCfg = Debug|x86
		{02F1F0C8-97EC-4282-9D96-8CFA02596A8A}.Debug|x64.ActiveCfg = Debug|x64
		{02F1F0C8-97EC-4282-9D96-8CFA02596A8A}.Debug|x64.Build.0 = Debug|x64
		{02F1F0C8-97EC-4282-9D96-8CFA02596A8A}.Debug|x64.Deploy.0 = Debug|x64
		{02F1F0C8-97EC-4282-9D96-8CFA02596A8A}.Debug|x86.ActiveCfg = Debug|x86
		{02F1F0C8-97EC-4282-9D96-8CFA02596A8A}.Debug|x86.Build.0 = Debug|x86
		{02F1F0C8-97EC-4282-9D96-8CFA02596A8A}.Debug|x86.Deploy.0 = Debug|x86
		{02F1F0C8-97EC-4282-9D96-8CFA02596A8A}.Release|Any CPU.ActiveCfg = Release|x86
		{02F1F0C8-97EC-4282-9D96-8CFA02596A8A}.Release|ARM.ActiveCfg = Release|ARM
		{02F1F0C8-97EC-4282-9D96-8CFA02596A8A}.Release|ARM.Build.0 = Release|ARM
		{02F1F0C8-97EC-4282-9D96-8CFA02596A8A}.Release|ARM.Deploy.0 = Release|ARM
		{02F1F0C8-97EC-4282-9D96-8CFA02596A8A}.Release|iPhone.ActiveCfg = Release|x86
		{02F1F0C8-97EC-4282-9D96-8CFA02596A8A}.Release|iPhoneSimulator.ActiveCfg = Release|x86
		{02F1F0C8-97EC-4282-9D96-8CFA02596A8A}.Release|x64.ActiveCfg = Release|x64
		{02F1F0C8-97EC-4282-9D96-8CFA02596A8A}.Release|x64.Build.0 = Release|x64
		{02F1F0C8-97EC-4282-9D96-8CFA02596A8A}.Release|x64.Deploy.0 = Release|x64
		{02F1F0C8-97EC-4282-9D96-8CFA02596A8A}.Release|x86.ActiveCfg = Release|x86
		{02F1F0C8-97EC-4282-9D96-8CFA02596A8A}.Release|x86.Build.0 = Release|x86
		{02F1F0C8-97EC-4282-9D96-8CFA02596A8A}.Release|x86.Deploy.0 = Release|x86
		{A5C5E641-1D9C-4D09-B11D-98456FC95B61}.Ad-Hoc|Any CPU.ActiveCfg = Ad-Hoc|iPhoneSimulator
		{A5C5E641-1D9C-4D09-B11D-98456FC95B61}.Ad-Hoc|ARM.ActiveCfg = Ad-Hoc|iPhone
		{A5C5E641-1D9C-4D09-B11D-98456FC95B61}.Ad-Hoc|iPhone.ActiveCfg = Ad-Hoc|iPhone
		{A5C5E641-1D9C-4D09-B11D-98456FC95B61}.Ad-Hoc|iPhone.Build.0 = Ad-Hoc|iPhone
		{A5C5E641-1D9C-4D09-B11D-98456FC95B61}.Ad-Hoc|iPhoneSimulator.ActiveCfg = Ad-Hoc|iPhoneSimulator
		{A5C5E641-1D9C-4D09-B11D-98456FC95B61}.Ad-Hoc|iPhoneSimulator.Build.0 = Ad-Hoc|iPhoneSimulator
		{A5C5E641-1D9C-4D09-B11D-98456FC95B61}.Ad-Hoc|x64.ActiveCfg = Ad-Hoc|iPhone
		{A5C5E641-1D9C-4D09-B11D-98456FC95B61}.Ad-Hoc|x86.ActiveCfg = Ad-Hoc|iPhone
		{A5C5E641-1D9C-4D09-B11D-98456FC95B61}.AppStore|Any CPU.ActiveCfg = AppStore|iPhoneSimulator
		{A5C5E641-1D9C-4D09-B11D-98456FC95B61}.AppStore|ARM.ActiveCfg = AppStore|iPhone
		{A5C5E641-1D9C-4D09-B11D-98456FC95B61}.AppStore|iPhone.ActiveCfg = AppStore|iPhone
		{A5C5E641-1D9C-4D09-B11D-98456FC95B61}.AppStore|iPhone.Build.0 = AppStore|iPhone
		{A5C5E641-1D9C-4D09-B11D-98456FC95B61}.AppStore|iPhoneSimulator.ActiveCfg = AppStore|iPhoneSimulator
		{A5C5E641-1D9C-4D09-B11D-98456FC95B61}.AppStore|iPhoneSimulator.Build.0 = AppStore|iPhoneSimulator
		{A5C5E641-1D9C-4D09-B11D-98456FC95B61}.AppStore|x64.ActiveCfg = AppStore|iPhone
		{A5C5E641-1D9C-4D09-B11D-98456FC95B61}.AppStore|x86.ActiveCfg = AppStore|iPhone
		{A5C5E641-1D9C-4D09-B11D-98456FC95B61}.Debug|Any CPU.ActiveCfg = Debug|iPhoneSimulator
		{A5C5E641-1D9C-4D09-B11D-98456FC95B61}.Debug|ARM.ActiveCfg = Debug|iPhone
		{A5C5E641-1D9C-4D09-B11D-98456FC95B61}.Debug|iPhone.ActiveCfg = Debug|iPhone
		{A5C5E641-1D9C-4D09-B11D-98456FC95B61}.Debug|iPhone.Build.0 = Debug|iPhone
		{A5C5E641-1D9C-4D09-B11D-98456FC95B61}.Debug|iPhoneSimulator.ActiveCfg = Debug|iPhoneSimulator
		{A5C5E641-1D9C-4D09-B11D-98456FC95B61}.Debug|iPhoneSimulator.Build.0 = Debug|iPhoneSimulator
		{A5C5E641-1D9C-4D09-B11D-98456FC95B61}.Debug|x64.ActiveCfg = Debug|iPhone
		{A5C5E641-1D9C-4D09-B11D-98456FC95B61}.Debug|x86.ActiveCfg = Debug|iPhone
		{A5C5E641-1D9C-4D09-B11D-98456FC95B61}.Release|Any CPU.ActiveCfg = Release|iPhoneSimulator
		{A5C5E641-1D9C-4D09-B11D-98456FC95B61}.Release|ARM.ActiveCfg = Release|iPhone
		{A5C5E641-1D9C-4D09-B11D-98456FC95B61}.Release|iPhone.ActiveCfg = Release|iPhone
		{A5C5E641-1D9C-4D09-B11D-98456FC95B61}.Release|iPhone.Build.0 = Release|iPhone
		{A5C5E641-1D9C-4D09-B11D-98456FC95B61}.Release|iPhoneSimulator.ActiveCfg = Release|iPhoneSimulator
		{A5C5E641-1D9C-4D09-B11D-98456FC95B61}.Release|iPhoneSimulator.Build.0 = Release|iPhoneSimulator
		{A5C5E641-1D9C-4D09-B11D-98456FC95B61}.Release|x64.ActiveCfg = Release|iPhone
		{A5C5E641-1D9C-4D09-B11D-98456FC95B61}.Release|x86.ActiveCfg = Release|iPhone
	EndGlobalSection
	GlobalSection(SolutionProperties) = preSolution
		HideSolutionNode = FALSE
	EndGlobalSection
	GlobalSection(ExtensibilityGlobals) = postSolution
		SolutionGuid = {D0D02951-8585-4794-AF20-13F680DE6B59}
	EndGlobalSection
EndGlobal
